
Microsoft Visual Studio Solution File, Format Version 12.00
# Visual Studio Version 17
VisualStudioVersion = 17.8.34330.188
MinimumVisualStudioVersion = 10.0.40219.1
Project("{FAE04EC0-301F-11D3-BF4B-00C04F79EFBC}") = "Zadanie egzamin", "Zadanie egzamin\Zadanie egzamin.csproj", "{D650A1E7-5672-472C-9785-D37E742E4E02}"
EndProject
Global
	GlobalSection(SolutionConfigurationPlatforms) = preSolution
		Debug|Any CPU = Debug|Any CPU
		Release|Any CPU = Release|Any CPU
	EndGlobalSection
	GlobalSection(ProjectConfigurationPlatforms) = postSolution
		{D650A1E7-5672-472C-9785-D37E742E4E02}.Debug|Any CPU.ActiveCfg = Debug|Any CPU
		{D650A1E7-5672-472C-9785-D37E742E4E02}.Debug|Any CPU.Build.0 = Debug|Any CPU
		{D650A1E7-5672-472C-9785-D37E742E4E02}.Release|Any CPU.ActiveCfg = Release|Any CPU
		{D650A1E7-5672-472C-9785-D37E742E4E02}.Release|Any CPU.Build.0 = Release|Any CPU
	EndGlobalSection
	GlobalSection(SolutionProperties) = preSolution
		HideSolutionNode = FALSE
	EndGlobalSection
	GlobalSection(ExtensibilityGlobals) = postSolution
		SolutionGuid = {314E83BC-E1F4-4D46-A59C-7E868D7AD27F}
	EndGlobalSection
EndGlobal
